
Microsoft Visual Studio Solution File, Format Version 12.00
# Visual Studio 15
Project("{FAE04EC0-301F-11D3-BF4B-00C04F79EFBC}") = "UnityEngine.UI", "UnityEngine.UI.csproj", "{FCB2742B-AC73-BACD-DFB2-1E9A6D9E2359}"
EndProject
Project("{FAE04EC0-301F-11D3-BF4B-00C04F79EFBC}") = "UnityEngine.TestRunner", "UnityEngine.TestRunner.csproj", "{A6F217C7-D7DD-3201-D1B7-1E4A62F3FAE6}"
EndProject
Project("{FAE04EC0-301F-11D3-BF4B-00C04F79EFBC}") = "Assembly-CSharp", "Assembly-CSharp.csproj", "{CAEA2EFE-7528-C7E8-3F91-661AFC381F1A}"
EndProject
Project("{FAE04EC0-301F-11D3-BF4B-00C04F79EFBC}") = "Unity.Timeline", "Unity.Timeline.csproj", "{1389C25B-7CCF-A284-75A8-91BFA9169C46}"
EndProject
Project("{FAE04EC0-301F-11D3-BF4B-00C04F79EFBC}") = "Unity.ProBuilder", "Unity.ProBuilder.csproj", "{E05BEFC9-DA96-54FF-8140-FBEEB53B0FA6}"
EndProject
Project("{FAE04EC0-301F-11D3-BF4B-00C04F79EFBC}") = "Unity.TextMeshPro", "Unity.TextMeshPro.csproj", "{DF479092-286D-32DA-D836-CF20C23DB1A9}"
EndProject
Project("{FAE04EC0-301F-11D3-BF4B-00C04F79EFBC}") = "Unity.ProBuilder.Poly2Tri", "Unity.ProBuilder.Poly2Tri.csproj", "{875AAB39-2666-9428-4828-7998FCAF8E2D}"
EndProject
Project("{FAE04EC0-301F-11D3-BF4B-00C04F79EFBC}") = "Unity.ProBuilder.Csg", "Unity.ProBuilder.Csg.csproj", "{D053E87A-043A-B594-4512-16925F1F5C11}"
EndProject
Project("{FAE04EC0-301F-11D3-BF4B-00C04F79EFBC}") = "Unity.ProBuilder.KdTree", "Unity.ProBuilder.KdTree.csproj", "{E7F0EEA0-BA36-4E60-4C07-7FBC2AB29618}"
EndProject
Project("{FAE04EC0-301F-11D3-BF4B-00C04F79EFBC}") = "Unity.ProBuilder.Stl", "Unity.ProBuilder.Stl.csproj", "{D691011E-876D-12F8-5011-F0555F139C8F}"
EndProject
Project("{FAE04EC0-301F-11D3-BF4B-00C04F79EFBC}") = "Assembly-CSharp-firstpass", "Assembly-CSharp-firstpass.csproj", "{4DBD860B-A183-2678-A398-F50C863600DE}"
EndProject
Project("{FAE04EC0-301F-11D3-BF4B-00C04F79EFBC}") = "UnityEditor.TestRunner", "UnityEditor.TestRunner.csproj", "{F90EE281-7527-5DD1-9C53-B6DE4CF8CACE}"
EndProject
Project("{FAE04EC0-301F-11D3-BF4B-00C04F79EFBC}") = "Unity.ProBuilder.Editor", "Unity.ProBuilder.Editor.csproj", "{5C974052-BD1E-59E7-A2D4-4FACF4383E3A}"
EndProject
Project("{FAE04EC0-301F-11D3-BF4B-00C04F79EFBC}") = "Unity.PlasticSCM.Editor", "Unity.PlasticSCM.Editor.csproj", "{11146B44-78FB-B4D3-9F8F-24BC8A05E077}"
EndProject
Project("{FAE04EC0-301F-11D3-BF4B-00C04F79EFBC}") = "UnityEditor.UI", "UnityEditor.UI.csproj", "{D49B4E36-608F-DF04-1849-00F9033C5CE7}"
EndProject
Project("{FAE04EC0-301F-11D3-BF4B-00C04F79EFBC}") = "Unity.Services.Core.Editor", "Unity.Services.Core.Editor.csproj", "{0012B467-03E6-86D1-A085-9ACE60AFB8E2}"
EndProject
Project("{FAE04EC0-301F-11D3-BF4B-00C04F79EFBC}") = "Unity.Timeline.Editor", "Unity.Timeline.Editor.csproj", "{E45F80C1-FF59-89CF-DA88-48DD42E03DB5}"
EndProject
Project("{FAE04EC0-301F-11D3-BF4B-00C04F79EFBC}") = "Unity.VisualStudio.Editor", "Unity.VisualStudio.Editor.csproj", "{9C68C2FF-E1A8-A614-E2D7-E768DA93ABD5}"
EndProject
Project("{FAE04EC0-301F-11D3-BF4B-00C04F79EFBC}") = "Unity.TextMeshPro.Editor", "Unity.TextMeshPro.Editor.csproj", "{C2B36D75-949E-98CE-CF09-A9118BF45A69}"
EndProject
Project("{FAE04EC0-301F-11D3-BF4B-00C04F79EFBC}") = "Unity.CollabProxy.Editor", "Unity.CollabProxy.Editor.csproj", "{D178D3D8-292D-579A-6C22-1A3D8BCD778E}"
EndProject
Project("{FAE04EC0-301F-11D3-BF4B-00C04F79EFBC}") = "Assembly-CSharp-Editor", "Assembly-CSharp-Editor.csproj", "{02A53991-293B-2B86-6D01-B57BD54D7896}"
EndProject
Project("{FAE04EC0-301F-11D3-BF4B-00C04F79EFBC}") = "Unity.Rider.Editor", "Unity.Rider.Editor.csproj", "{8B06F548-3AC8-0EB4-E97E-25F2B7C2F995}"
EndProject
Project("{FAE04EC0-301F-11D3-BF4B-00C04F79EFBC}") = "Unity.2D.Sprite.Editor", "Unity.2D.Sprite.Editor.csproj", "{99DE7C9F-E185-FEDB-ED7D-725ADEDA0021}"
EndProject
Project("{FAE04EC0-301F-11D3-BF4B-00C04F79EFBC}") = "Unity.VSCode.Editor", "Unity.VSCode.Editor.csproj", "{678F83E4-EBD0-7A14-A6C8-30FD9C2E6099}"
EndProject
Project("{FAE04EC0-301F-11D3-BF4B-00C04F79EFBC}") = "Unity.ProBuilder.AssetIdRemapUtility", "Unity.ProBuilder.AssetIdRemapUtility.csproj", "{DC2D47D1-655A-242A-81F8-0FB0F393CF73}"
EndProject
Project("{FAE04EC0-301F-11D3-BF4B-00C04F79EFBC}") = "Unity.Settings.Editor", "Unity.Settings.Editor.csproj", "{1F648E09-CD68-B13E-70F7-DBAAA8E5D912}"
EndProject
Project("{FAE04EC0-301F-11D3-BF4B-00C04F79EFBC}") = "Unity.ProBuilder.AddOns.Editor", "Unity.ProBuilder.AddOns.Editor.csproj", "{9AD51BE8-9173-F5A8-6657-F072D3C43B32}"
EndProject
Project("{FAE04EC0-301F-11D3-BF4B-00C04F79EFBC}") = "UMotionSourceApplication", "UMotionSourceApplication.csproj", "{0168CC68-8904-9074-B1B8-D0DE9DBAB577}"
EndProject
Project("{FAE04EC0-301F-11D3-BF4B-00C04F79EFBC}") = "UMotionSourceEditor", "UMotionSourceEditor.csproj", "{61E45C94-8A36-2B9E-88DC-4376934CF881}"
EndProject
Project("{FAE04EC0-301F-11D3-BF4B-00C04F79EFBC}") = "UnityEngine.UI", "UnityEngine.UI.Player.csproj", "{1F77E668-83F6-DCB6-EDDB-809AA1EB2EE8}"
EndProject
Project("{FAE04EC0-301F-11D3-BF4B-00C04F79EFBC}") = "UnityEngine.TestRunner", "UnityEngine.TestRunner.Player.csproj", "{93D145AF-4D71-1681-0AAE-1F99B8313B0B}"
EndProject
Project("{FAE04EC0-301F-11D3-BF4B-00C04F79EFBC}") = "Assembly-CSharp", "Assembly-CSharp.Player.csproj", "{0537F26A-95D7-CB11-2E99-B222A3519F6B}"
EndProject
Project("{FAE04EC0-301F-11D3-BF4B-00C04F79EFBC}") = "Unity.Timeline", "Unity.Timeline.Player.csproj", "{545F221F-A710-DBDF-FDE8-01B7088A39F9}"
EndProject
Project("{FAE04EC0-301F-11D3-BF4B-00C04F79EFBC}") = "Unity.ProBuilder", "Unity.ProBuilder.Player.csproj", "{774A2768-B012-1476-1BCD-590D181B7B96}"
EndProject
Project("{FAE04EC0-301F-11D3-BF4B-00C04F79EFBC}") = "Unity.TextMeshPro", "Unity.TextMeshPro.Player.csproj", "{93269A20-AA8A-8246-BFFC-377639971A61}"
EndProject
Project("{FAE04EC0-301F-11D3-BF4B-00C04F79EFBC}") = "Unity.ProBuilder.Poly2Tri", "Unity.ProBuilder.Poly2Tri.Player.csproj", "{D61AEF4A-4ED0-2F70-3368-3C04C194E990}"
EndProject
Project("{FAE04EC0-301F-11D3-BF4B-00C04F79EFBC}") = "Unity.ProBuilder.Csg", "Unity.ProBuilder.Csg.Player.csproj", "{70EFE4A7-7D47-5C2F-DAF2-CD939C2DB6AE}"
EndProject
Project("{FAE04EC0-301F-11D3-BF4B-00C04F79EFBC}") = "Unity.ProBuilder.KdTree", "Unity.ProBuilder.KdTree.Player.csproj", "{B7AA7BFB-5857-9B55-4695-33AF2DDAFBF2}"
EndProject
Project("{FAE04EC0-301F-11D3-BF4B-00C04F79EFBC}") = "Unity.ProBuilder.Stl", "Unity.ProBuilder.Stl.Player.csproj", "{7CE961D9-82D0-85E9-CD3C-286AC14F45BE}"
EndProject
Project("{FAE04EC0-301F-11D3-BF4B-00C04F79EFBC}") = "Assembly-CSharp-firstpass", "Assembly-CSharp-firstpass.Player.csproj", "{9F992736-859A-609F-2302-DEE029461B47}"
EndProject
Global
	GlobalSection(SolutionConfigurationPlatforms) = preSolution
		Debug|Any CPU = Debug|Any CPU
		Release|Any CPU = Release|Any CPU
	EndGlobalSection
	GlobalSection(ProjectConfigurationPlatforms) = postSolution
		{FCB2742B-AC73-BACD-DFB2-1E9A6D9E2359}.Debug|Any CPU.ActiveCfg = Debug|Any CPU
		{FCB2742B-AC73-BACD-DFB2-1E9A6D9E2359}.Debug|Any CPU.Build.0 = Debug|Any CPU
		{FCB2742B-AC73-BACD-DFB2-1E9A6D9E2359}.Release|Any CPU.ActiveCfg = Release|Any CPU
		{FCB2742B-AC73-BACD-DFB2-1E9A6D9E2359}.Release|Any CPU.Build.0 = Release|Any CPU
		{A6F217C7-D7DD-3201-D1B7-1E4A62F3FAE6}.Debug|Any CPU.ActiveCfg = Debug|Any CPU
		{A6F217C7-D7DD-3201-D1B7-1E4A62F3FAE6}.Debug|Any CPU.Build.0 = Debug|Any CPU
		{A6F217C7-D7DD-3201-D1B7-1E4A62F3FAE6}.Release|Any CPU.ActiveCfg = Release|Any CPU
		{A6F217C7-D7DD-3201-D1B7-1E4A62F3FAE6}.Release|Any CPU.Build.0 = Release|Any CPU
		{CAEA2EFE-7528-C7E8-3F91-661AFC381F1A}.Debug|Any CPU.ActiveCfg = Debug|Any CPU
		{CAEA2EFE-7528-C7E8-3F91-661AFC381F1A}.Debug|Any CPU.Build.0 = Debug|Any CPU
		{CAEA2EFE-7528-C7E8-3F91-661AFC381F1A}.Release|Any CPU.ActiveCfg = Release|Any CPU
		{CAEA2EFE-7528-C7E8-3F91-661AFC381F1A}.Release|Any CPU.Build.0 = Release|Any CPU
		{1389C25B-7CCF-A284-75A8-91BFA9169C46}.Debug|Any CPU.ActiveCfg = Debug|Any CPU
		{1389C25B-7CCF-A284-75A8-91BFA9169C46}.Debug|Any CPU.Build.0 = Debug|Any CPU
		{1389C25B-7CCF-A284-75A8-91BFA9169C46}.Release|Any CPU.ActiveCfg = Release|Any CPU
		{1389C25B-7CCF-A284-75A8-91BFA9169C46}.Release|Any CPU.Build.0 = Release|Any CPU
		{E05BEFC9-DA96-54FF-8140-FBEEB53B0FA6}.Debug|Any CPU.ActiveCfg = Debug|Any CPU
		{E05BEFC9-DA96-54FF-8140-FBEEB53B0FA6}.Debug|Any CPU.Build.0 = Debug|Any CPU
		{E05BEFC9-DA96-54FF-8140-FBEEB53B0FA6}.Release|Any CPU.ActiveCfg = Release|Any CPU
		{E05BEFC9-DA96-54FF-8140-FBEEB53B0FA6}.Release|Any CPU.Build.0 = Release|Any CPU
		{DF479092-286D-32DA-D836-CF20C23DB1A9}.Debug|Any CPU.ActiveCfg = Debug|Any CPU
		{DF479092-286D-32DA-D836-CF20C23DB1A9}.Debug|Any CPU.Build.0 = Debug|Any CPU
		{DF479092-286D-32DA-D836-CF20C23DB1A9}.Release|Any CPU.ActiveCfg = Release|Any CPU
		{DF479092-286D-32DA-D836-CF20C23DB1A9}.Release|Any CPU.Build.0 = Release|Any CPU
		{875AAB39-2666-9428-4828-7998FCAF8E2D}.Debug|Any CPU.ActiveCfg = Debug|Any CPU
		{875AAB39-2666-9428-4828-7998FCAF8E2D}.Debug|Any CPU.Build.0 = Debug|Any CPU
		{875AAB39-2666-9428-4828-7998FCAF8E2D}.Release|Any CPU.ActiveCfg = Release|Any CPU
		{875AAB39-2666-9428-4828-7998FCAF8E2D}.Release|Any CPU.Build.0 = Release|Any CPU
		{D053E87A-043A-B594-4512-16925F1F5C11}.Debug|Any CPU.ActiveCfg = Debug|Any CPU
		{D053E87A-043A-B594-4512-16925F1F5C11}.Debug|Any CPU.Build.0 = Debug|Any CPU
		{D053E87A-043A-B594-4512-16925F1F5C11}.Release|Any CPU.ActiveCfg = Release|Any CPU
		{D053E87A-043A-B594-4512-16925F1F5C11}.Release|Any CPU.Build.0 = Release|Any CPU
		{E7F0EEA0-BA36-4E60-4C07-7FBC2AB29618}.Debug|Any CPU.ActiveCfg = Debug|Any CPU
		{E7F0EEA0-BA36-4E60-4C07-7FBC2AB29618}.Debug|Any CPU.Build.0 = Debug|Any CPU
		{E7F0EEA0-BA36-4E60-4C07-7FBC2AB29618}.Release|Any CPU.ActiveCfg = Release|Any CPU
		{E7F0EEA0-BA36-4E60-4C07-7FBC2AB29618}.Release|Any CPU.Build.0 = Release|Any CPU
		{D691011E-876D-12F8-5011-F0555F139C8F}.Debug|Any CPU.ActiveCfg = Debug|Any CPU
		{D691011E-876D-12F8-5011-F0555F139C8F}.Debug|Any CPU.Build.0 = Debug|Any CPU
		{D691011E-876D-12F8-5011-F0555F139C8F}.Release|Any CPU.ActiveCfg = Release|Any CPU
		{D691011E-876D-12F8-5011-F0555F139C8F}.Release|Any CPU.Build.0 = Release|Any CPU
		{4DBD860B-A183-2678-A398-F50C863600DE}.Debug|Any CPU.ActiveCfg = Debug|Any CPU
		{4DBD860B-A183-2678-A398-F50C863600DE}.Debug|Any CPU.Build.0 = Debug|Any CPU
		{4DBD860B-A183-2678-A398-F50C863600DE}.Release|Any CPU.ActiveCfg = Release|Any CPU
		{4DBD860B-A183-2678-A398-F50C863600DE}.Release|Any CPU.Build.0 = Release|Any CPU
		{F90EE281-7527-5DD1-9C53-B6DE4CF8CACE}.Debug|Any CPU.ActiveCfg = Debug|Any CPU
		{F90EE281-7527-5DD1-9C53-B6DE4CF8CACE}.Debug|Any CPU.Build.0 = Debug|Any CPU
		{F90EE281-7527-5DD1-9C53-B6DE4CF8CACE}.Release|Any CPU.ActiveCfg = Release|Any CPU
		{F90EE281-7527-5DD1-9C53-B6DE4CF8CACE}.Release|Any CPU.Build.0 = Release|Any CPU
		{5C974052-BD1E-59E7-A2D4-4FACF4383E3A}.Debug|Any CPU.ActiveCfg = Debug|Any CPU
		{5C974052-BD1E-59E7-A2D4-4FACF4383E3A}.Debug|Any CPU.Build.0 = Debug|Any CPU
		{5C974052-BD1E-59E7-A2D4-4FACF4383E3A}.Release|Any CPU.ActiveCfg = Release|Any CPU
		{5C974052-BD1E-59E7-A2D4-4FACF4383E3A}.Release|Any CPU.Build.0 = Release|Any CPU
		{11146B44-78FB-B4D3-9F8F-24BC8A05E077}.Debug|Any CPU.ActiveCfg = Debug|Any CPU
		{11146B44-78FB-B4D3-9F8F-24BC8A05E077}.Debug|Any CPU.Build.0 = Debug|Any CPU
		{11146B44-78FB-B4D3-9F8F-24BC8A05E077}.Release|Any CPU.ActiveCfg = Release|Any CPU
		{11146B44-78FB-B4D3-9F8F-24BC8A05E077}.Release|Any CPU.Build.0 = Release|Any CPU
		{D49B4E36-608F-DF04-1849-00F9033C5CE7}.Debug|Any CPU.ActiveCfg = Debug|Any CPU
		{D49B4E36-608F-DF04-1849-00F9033C5CE7}.Debug|Any CPU.Build.0 = Debug|Any CPU
		{D49B4E36-608F-DF04-1849-00F9033C5CE7}.Release|Any CPU.ActiveCfg = Release|Any CPU
		{D49B4E36-608F-DF04-1849-00F9033C5CE7}.Release|Any CPU.Build.0 = Release|Any CPU
		{0012B467-03E6-86D1-A085-9ACE60AFB8E2}.Debug|Any CPU.ActiveCfg = Debug|Any CPU
		{0012B467-03E6-86D1-A085-9ACE60AFB8E2}.Debug|Any CPU.Build.0 = Debug|Any CPU
		{0012B467-03E6-86D1-A085-9ACE60AFB8E2}.Release|Any CPU.ActiveCfg = Release|Any CPU
		{0012B467-03E6-86D1-A085-9ACE60AFB8E2}.Release|Any CPU.Build.0 = Release|Any CPU
		{E45F80C1-FF59-89CF-DA88-48DD42E03DB5}.Debug|Any CPU.ActiveCfg = Debug|Any CPU
		{E45F80C1-FF59-89CF-DA88-48DD42E03DB5}.Debug|Any CPU.Build.0 = Debug|Any CPU
		{E45F80C1-FF59-89CF-DA88-48DD42E03DB5}.Release|Any CPU.ActiveCfg = Release|Any CPU
		{E45F80C1-FF59-89CF-DA88-48DD42E03DB5}.Release|Any CPU.Build.0 = Release|Any CPU
		{9C68C2FF-E1A8-A614-E2D7-E768DA93ABD5}.Debug|Any CPU.ActiveCfg = Debug|Any CPU
		{9C68C2FF-E1A8-A614-E2D7-E768DA93ABD5}.Debug|Any CPU.Build.0 = Debug|Any CPU
		{9C68C2FF-E1A8-A614-E2D7-E768DA93ABD5}.Release|Any CPU.ActiveCfg = Release|Any CPU
		{9C68C2FF-E1A8-A614-E2D7-E768DA93ABD5}.Release|Any CPU.Build.0 = Release|Any CPU
		{C2B36D75-949E-98CE-CF09-A9118BF45A69}.Debug|Any CPU.ActiveCfg = Debug|Any CPU
		{C2B36D75-949E-98CE-CF09-A9118BF45A69}.Debug|Any CPU.Build.0 = Debug|Any CPU
		{C2B36D75-949E-98CE-CF09-A9118BF45A69}.Release|Any CPU.ActiveCfg = Release|Any CPU
		{C2B36D75-949E-98CE-CF09-A9118BF45A69}.Release|Any CPU.Build.0 = Release|Any CPU
		{D178D3D8-292D-579A-6C22-1A3D8BCD778E}.Debug|Any CPU.ActiveCfg = Debug|Any CPU
		{D178D3D8-292D-579A-6C22-1A3D8BCD778E}.Debug|Any CPU.Build.0 = Debug|Any CPU
		{D178D3D8-292D-579A-6C22-1A3D8BCD778E}.Release|Any CPU.ActiveCfg = Release|Any CPU
		{D178D3D8-292D-579A-6C22-1A3D8BCD778E}.Release|Any CPU.Build.0 = Release|Any CPU
		{02A53991-293B-2B86-6D01-B57BD54D7896}.Debug|Any CPU.ActiveCfg = Debug|Any CPU
		{02A53991-293B-2B86-6D01-B57BD54D7896}.Debug|Any CPU.Build.0 = Debug|Any CPU
		{02A53991-293B-2B86-6D01-B57BD54D7896}.Release|Any CPU.ActiveCfg = Release|Any CPU
		{02A53991-293B-2B86-6D01-B57BD54D7896}.Release|Any CPU.Build.0 = Release|Any CPU
		{8B06F548-3AC8-0EB4-E97E-25F2B7C2F995}.Debug|Any CPU.ActiveCfg = Debug|Any CPU
		{8B06F548-3AC8-0EB4-E97E-25F2B7C2F995}.Debug|Any CPU.Build.0 = Debug|Any CPU
		{8B06F548-3AC8-0EB4-E97E-25F2B7C2F995}.Release|Any CPU.ActiveCfg = Release|Any CPU
		{8B06F548-3AC8-0EB4-E97E-25F2B7C2F995}.Release|Any CPU.Build.0 = Release|Any CPU
		{99DE7C9F-E185-FEDB-ED7D-725ADEDA0021}.Debug|Any CPU.ActiveCfg = Debug|Any CPU
		{99DE7C9F-E185-FEDB-ED7D-725ADEDA0021}.Debug|Any CPU.Build.0 = Debug|Any CPU
		{99DE7C9F-E185-FEDB-ED7D-725ADEDA0021}.Release|Any CPU.ActiveCfg = Release|Any CPU
		{99DE7C9F-E185-FEDB-ED7D-725ADEDA0021}.Release|Any CPU.Build.0 = Release|Any CPU
		{678F83E4-EBD0-7A14-A6C8-30FD9C2E6099}.Debug|Any CPU.ActiveCfg = Debug|Any CPU
		{678F83E4-EBD0-7A14-A6C8-30FD9C2E6099}.Debug|Any CPU.Build.0 = Debug|Any CPU
		{678F83E4-EBD0-7A14-A6C8-30FD9C2E6099}.Release|Any CPU.ActiveCfg = Release|Any CPU
		{678F83E4-EBD0-7A14-A6C8-30FD9C2E6099}.Release|Any CPU.Build.0 = Release|Any CPU
		{DC2D47D1-655A-242A-81F8-0FB0F393CF73}.Debug|Any CPU.ActiveCfg = Debug|Any CPU
		{DC2D47D1-655A-242A-81F8-0FB0F393CF73}.Debug|Any CPU.Build.0 = Debug|Any CPU
		{DC2D47D1-655A-242A-81F8-0FB0F393CF73}.Release|Any CPU.ActiveCfg = Release|Any CPU
		{DC2D47D1-655A-242A-81F8-0FB0F393CF73}.Release|Any CPU.Build.0 = Release|Any CPU
		{1F648E09-CD68-B13E-70F7-DBAAA8E5D912}.Debug|Any CPU.ActiveCfg = Debug|Any CPU
		{1F648E09-CD68-B13E-70F7-DBAAA8E5D912}.Debug|Any CPU.Build.0 = Debug|Any CPU
		{1F648E09-CD68-B13E-70F7-DBAAA8E5D912}.Release|Any CPU.ActiveCfg = Release|Any CPU
		{1F648E09-CD68-B13E-70F7-DBAAA8E5D912}.Release|Any CPU.Build.0 = Release|Any CPU
		{9AD51BE8-9173-F5A8-6657-F072D3C43B32}.Debug|Any CPU.ActiveCfg = Debug|Any CPU
		{9AD51BE8-9173-F5A8-6657-F072D3C43B32}.Debug|Any CPU.Build.0 = Debug|Any CPU
		{9AD51BE8-9173-F5A8-6657-F072D3C43B32}.Release|Any CPU.ActiveCfg = Release|Any CPU
		{9AD51BE8-9173-F5A8-6657-F072D3C43B32}.Release|Any CPU.Build.0 = Release|Any CPU
		{0168CC68-8904-9074-B1B8-D0DE9DBAB577}.Debug|Any CPU.ActiveCfg = Debug|Any CPU
		{0168CC68-8904-9074-B1B8-D0DE9DBAB577}.Debug|Any CPU.Build.0 = Debug|Any CPU
		{0168CC68-8904-9074-B1B8-D0DE9DBAB577}.Release|Any CPU.ActiveCfg = Release|Any CPU
		{0168CC68-8904-9074-B1B8-D0DE9DBAB577}.Release|Any CPU.Build.0 = Release|Any CPU
		{61E45C94-8A36-2B9E-88DC-4376934CF881}.Debug|Any CPU.ActiveCfg = Debug|Any CPU
		{61E45C94-8A36-2B9E-88DC-4376934CF881}.Debug|Any CPU.Build.0 = Debug|Any CPU
		{61E45C94-8A36-2B9E-88DC-4376934CF881}.Release|Any CPU.ActiveCfg = Release|Any CPU
		{61E45C94-8A36-2B9E-88DC-4376934CF881}.Release|Any CPU.Build.0 = Release|Any CPU
		{1F77E668-83F6-DCB6-EDDB-809AA1EB2EE8}.Debug|Any CPU.ActiveCfg = Debug|Any CPU
		{1F77E668-83F6-DCB6-EDDB-809AA1EB2EE8}.Debug|Any CPU.Build.0 = Debug|Any CPU
		{1F77E668-83F6-DCB6-EDDB-809AA1EB2EE8}.Release|Any CPU.ActiveCfg = Release|Any CPU
		{1F77E668-83F6-DCB6-EDDB-809AA1EB2EE8}.Release|Any CPU.Build.0 = Release|Any CPU
		{93D145AF-4D71-1681-0AAE-1F99B8313B0B}.Debug|Any CPU.ActiveCfg = Debug|Any CPU
		{93D145AF-4D71-1681-0AAE-1F99B8313B0B}.Debug|Any CPU.Build.0 = Debug|Any CPU
		{93D145AF-4D71-1681-0AAE-1F99B8313B0B}.Release|Any CPU.ActiveCfg = Release|Any CPU
		{93D145AF-4D71-1681-0AAE-1F99B8313B0B}.Release|Any CPU.Build.0 = Release|Any CPU
		{0537F26A-95D7-CB11-2E99-B222A3519F6B}.Debug|Any CPU.ActiveCfg = Debug|Any CPU
		{0537F26A-95D7-CB11-2E99-B222A3519F6B}.Debug|Any CPU.Build.0 = Debug|Any CPU
		{0537F26A-95D7-CB11-2E99-B222A3519F6B}.Release|Any CPU.ActiveCfg = Release|Any CPU
		{0537F26A-95D7-CB11-2E99-B222A3519F6B}.Release|Any CPU.Build.0 = Release|Any CPU
		{545F221F-A710-DBDF-FDE8-01B7088A39F9}.Debug|Any CPU.ActiveCfg = Debug|Any CPU
		{545F221F-A710-DBDF-FDE8-01B7088A39F9}.Debug|Any CPU.Build.0 = Debug|Any CPU
		{545F221F-A710-DBDF-FDE8-01B7088A39F9}.Release|Any CPU.ActiveCfg = Release|Any CPU
		{545F221F-A710-DBDF-FDE8-01B7088A39F9}.Release|Any CPU.Build.0 = Release|Any CPU
		{774A2768-B012-1476-1BCD-590D181B7B96}.Debug|Any CPU.ActiveCfg = Debug|Any CPU
		{774A2768-B012-1476-1BCD-590D181B7B96}.Debug|Any CPU.Build.0 = Debug|Any CPU
		{774A2768-B012-1476-1BCD-590D181B7B96}.Release|Any CPU.ActiveCfg = Release|Any CPU
		{774A2768-B012-1476-1BCD-590D181B7B96}.Release|Any CPU.Build.0 = Release|Any CPU
		{93269A20-AA8A-8246-BFFC-377639971A61}.Debug|Any CPU.ActiveCfg = Debug|Any CPU
		{93269A20-AA8A-8246-BFFC-377639971A61}.Debug|Any CPU.Build.0 = Debug|Any CPU
		{93269A20-AA8A-8246-BFFC-377639971A61}.Release|Any CPU.ActiveCfg = Release|Any CPU
		{93269A20-AA8A-8246-BFFC-377639971A61}.Release|Any CPU.Build.0 = Release|Any CPU
		{D61AEF4A-4ED0-2F70-3368-3C04C194E990}.Debug|Any CPU.ActiveCfg = Debug|Any CPU
		{D61AEF4A-4ED0-2F70-3368-3C04C194E990}.Debug|Any CPU.Build.0 = Debug|Any CPU
		{D61AEF4A-4ED0-2F70-3368-3C04C194E990}.Release|Any CPU.ActiveCfg = Release|Any CPU
		{D61AEF4A-4ED0-2F70-3368-3C04C194E990}.Release|Any CPU.Build.0 = Release|Any CPU
		{70EFE4A7-7D47-5C2F-DAF2-CD939C2DB6AE}.Debug|Any CPU.ActiveCfg = Debug|Any CPU
		{70EFE4A7-7D47-5C2F-DAF2-CD939C2DB6AE}.Debug|Any CPU.Build.0 = Debug|Any CPU
		{70EFE4A7-7D47-5C2F-DAF2-CD939C2DB6AE}.Release|Any CPU.ActiveCfg = Release|Any CPU
		{70EFE4A7-7D47-5C2F-DAF2-CD939C2DB6AE}.Release|Any CPU.Build.0 = Release|Any CPU
		{B7AA7BFB-5857-9B55-4695-33AF2DDAFBF2}.Debug|Any CPU.ActiveCfg = Debug|Any CPU
		{B7AA7BFB-5857-9B55-4695-33AF2DDAFBF2}.Debug|Any CPU.Build.0 = Debug|Any CPU
		{B7AA7BFB-5857-9B55-4695-33AF2DDAFBF2}.Release|Any CPU.ActiveCfg = Release|Any CPU
		{B7AA7BFB-5857-9B55-4695-33AF2DDAFBF2}.Release|Any CPU.Build.0 = Release|Any CPU
		{7CE961D9-82D0-85E9-CD3C-286AC14F45BE}.Debug|Any CPU.ActiveCfg = Debug|Any CPU
		{7CE961D9-82D0-85E9-CD3C-286AC14F45BE}.Debug|Any CPU.Build.0 = Debug|Any CPU
		{7CE961D9-82D0-85E9-CD3C-286AC14F45BE}.Release|Any CPU.ActiveCfg = Release|Any CPU
		{7CE961D9-82D0-85E9-CD3C-286AC14F45BE}.Release|Any CPU.Build.0 = Release|Any CPU
		{9F992736-859A-609F-2302-DEE029461B47}.Debug|Any CPU.ActiveCfg = Debug|Any CPU
		{9F992736-859A-609F-2302-DEE029461B47}.Debug|Any CPU.Build.0 = Debug|Any CPU
		{9F992736-859A-609F-2302-DEE029461B47}.Release|Any CPU.ActiveCfg = Release|Any CPU
		{9F992736-859A-609F-2302-DEE029461B47}.Release|Any CPU.Build.0 = Release|Any CPU
	EndGlobalSection
	GlobalSection(SolutionProperties) = preSolution
		HideSolutionNode = FALSE
	EndGlobalSection
EndGlobal
